# THIS IS AN AUTOGENERATED FILE. DO NOT EDIT THIS FILE DIRECTLY.
# yarn lockfile v1


dat.gui@^0.7.6:
  version "0.7.6"
  resolved "https://registry.yarnpkg.com/dat.gui/-/dat.gui-0.7.6.tgz#92182a0f2dc96c26910f888238d3839166d82f76"
  integrity sha512-9Uqr4aQUvp9q5P2b4y6gK604HXafubOq578OmOS8mjrIkYrBP4EbQ9gz9YRXgyPh7aQi+b9H/jAG7EucmhYpSA==

stats.js@^0.17.0:
  version "0.17.0"
  resolved "https://registry.yarnpkg.com/stats.js/-/stats.js-0.17.0.tgz#b1c3dc46d94498b578b7fd3985b81ace7131cc7d"
  integrity sha1-scPcRtlEmLV4t/05hbgaznExzH0=

three@^0.110.0:
  version "0.110.0"
  resolved "https://registry.yarnpkg.com/three/-/three-0.110.0.tgz#8719591de1336269113ee79f4268ba247b2324f8"
  integrity sha512-wlurH8XBO9Sd5VIw8nBa+taLR20kqaI4e9FiuMh6tqK8eOS2q2R+ZoUyufbyDTVTHhs8GiTbv0r2CMLkwerFJg==
